
Microsoft Visual Studio Solution File, Format Version 12.00
# Visual Studio Version 17
VisualStudioVersion = 17.14.36414.22 d17.14
MinimumVisualStudioVersion = 10.0.40219.1
Project("{FAE04EC0-301F-11D3-BF4B-00C04F79EFBC}") = "CartesianPlan", "CartesianPlan\CartesianPlan.csproj", "{DF947483-E92E-4187-81D0-6CE40A1DF7C2}"
EndProject
Global
	GlobalSection(SolutionConfigurationPlatforms) = preSolution
		Debug|Any CPU = Debug|Any CPU
		Release|Any CPU = Release|Any CPU
	EndGlobalSection
	GlobalSection(ProjectConfigurationPlatforms) = postSolution
		{DF947483-E92E-4187-81D0-6CE40A1DF7C2}.Debug|Any CPU.ActiveCfg = Debug|Any CPU
		{DF947483-E92E-4187-81D0-6CE40A1DF7C2}.Debug|Any CPU.Build.0 = Debug|Any CPU
		{DF947483-E92E-4187-81D0-6CE40A1DF7C2}.Release|Any CPU.ActiveCfg = Release|Any CPU
		{DF947483-E92E-4187-81D0-6CE40A1DF7C2}.Release|Any CPU.Build.0 = Release|Any CPU
	EndGlobalSection
	GlobalSection(SolutionProperties) = preSolution
		HideSolutionNode = FALSE
	EndGlobalSection
	GlobalSection(ExtensibilityGlobals) = postSolution
		SolutionGuid = {3B9F69D5-E838-45E6-BB97-01A108E7FDD0}
	EndGlobalSection
EndGlobal
