
Microsoft Visual Studio Solution File, Format Version 12.00
# Visual Studio Version 17
VisualStudioVersion = 17.14.36414.22 d17.14
MinimumVisualStudioVersion = 10.0.40219.1
Project("{FAE04EC0-301F-11D3-BF4B-00C04F79EFBC}") = "WeightedAverage", "WeightedAverage\WeightedAverage.csproj", "{64C60C1E-80F2-4BD3-A737-560DCF30467E}"
EndProject
Global
	GlobalSection(SolutionConfigurationPlatforms) = preSolution
		Debug|Any CPU = Debug|Any CPU
		Release|Any CPU = Release|Any CPU
	EndGlobalSection
	GlobalSection(ProjectConfigurationPlatforms) = postSolution
		{64C60C1E-80F2-4BD3-A737-560DCF30467E}.Debug|Any CPU.ActiveCfg = Debug|Any CPU
		{64C60C1E-80F2-4BD3-A737-560DCF30467E}.Debug|Any CPU.Build.0 = Debug|Any CPU
		{64C60C1E-80F2-4BD3-A737-560DCF30467E}.Release|Any CPU.ActiveCfg = Release|Any CPU
		{64C60C1E-80F2-4BD3-A737-560DCF30467E}.Release|Any CPU.Build.0 = Release|Any CPU
	EndGlobalSection
	GlobalSection(SolutionProperties) = preSolution
		HideSolutionNode = FALSE
	EndGlobalSection
	GlobalSection(ExtensibilityGlobals) = postSolution
		SolutionGuid = {3C5E8D5A-E330-4FC9-B71E-40523C0F17DB}
	EndGlobalSection
EndGlobal
