
Microsoft Visual Studio Solution File, Format Version 12.00
# Visual Studio Version 17
VisualStudioVersion = 17.14.36414.22 d17.14
MinimumVisualStudioVersion = 10.0.40219.1
Project("{FAE04EC0-301F-11D3-BF4B-00C04F79EFBC}") = "AllDivisors", "AllDivisors\AllDivisors.csproj", "{7929089C-9952-4C17-AFC2-9FA43FC0E56D}"
EndProject
Global
	GlobalSection(SolutionConfigurationPlatforms) = preSolution
		Debug|Any CPU = Debug|Any CPU
		Release|Any CPU = Release|Any CPU
	EndGlobalSection
	GlobalSection(ProjectConfigurationPlatforms) = postSolution
		{7929089C-9952-4C17-AFC2-9FA43FC0E56D}.Debug|Any CPU.ActiveCfg = Debug|Any CPU
		{7929089C-9952-4C17-AFC2-9FA43FC0E56D}.Debug|Any CPU.Build.0 = Debug|Any CPU
		{7929089C-9952-4C17-AFC2-9FA43FC0E56D}.Release|Any CPU.ActiveCfg = Release|Any CPU
		{7929089C-9952-4C17-AFC2-9FA43FC0E56D}.Release|Any CPU.Build.0 = Release|Any CPU
	EndGlobalSection
	GlobalSection(SolutionProperties) = preSolution
		HideSolutionNode = FALSE
	EndGlobalSection
	GlobalSection(ExtensibilityGlobals) = postSolution
		SolutionGuid = {5634829B-FC1C-47F9-9638-45DBE5E7CB50}
	EndGlobalSection
EndGlobal
