
Microsoft Visual Studio Solution File, Format Version 12.00
# Visual Studio Version 17
VisualStudioVersion = 17.14.36414.22
MinimumVisualStudioVersion = 10.0.40219.1
Project("{FAE04EC0-301F-11D3-BF4B-00C04F79EFBC}") = "CurrencyConverter", "CurrencyConverter\CurrencyConverter.csproj", "{50712C6A-E6A8-4634-8C4C-29A68DD9479B}"
EndProject
Global
	GlobalSection(SolutionConfigurationPlatforms) = preSolution
		Debug|Any CPU = Debug|Any CPU
		Debug|x64 = Debug|x64
		Debug|x86 = Debug|x86
		Release|Any CPU = Release|Any CPU
		Release|x64 = Release|x64
		Release|x86 = Release|x86
	EndGlobalSection
	GlobalSection(ProjectConfigurationPlatforms) = postSolution
		{50712C6A-E6A8-4634-8C4C-29A68DD9479B}.Debug|Any CPU.ActiveCfg = Debug|Any CPU
		{50712C6A-E6A8-4634-8C4C-29A68DD9479B}.Debug|Any CPU.Build.0 = Debug|Any CPU
		{50712C6A-E6A8-4634-8C4C-29A68DD9479B}.Debug|x64.ActiveCfg = Debug|Any CPU
		{50712C6A-E6A8-4634-8C4C-29A68DD9479B}.Debug|x64.Build.0 = Debug|Any CPU
		{50712C6A-E6A8-4634-8C4C-29A68DD9479B}.Debug|x86.ActiveCfg = Debug|Any CPU
		{50712C6A-E6A8-4634-8C4C-29A68DD9479B}.Debug|x86.Build.0 = Debug|Any CPU
		{50712C6A-E6A8-4634-8C4C-29A68DD9479B}.Release|Any CPU.ActiveCfg = Release|Any CPU
		{50712C6A-E6A8-4634-8C4C-29A68DD9479B}.Release|Any CPU.Build.0 = Release|Any CPU
		{50712C6A-E6A8-4634-8C4C-29A68DD9479B}.Release|x64.ActiveCfg = Release|Any CPU
		{50712C6A-E6A8-4634-8C4C-29A68DD9479B}.Release|x64.Build.0 = Release|Any CPU
		{50712C6A-E6A8-4634-8C4C-29A68DD9479B}.Release|x86.ActiveCfg = Release|Any CPU
		{50712C6A-E6A8-4634-8C4C-29A68DD9479B}.Release|x86.Build.0 = Release|Any CPU
	EndGlobalSection
	GlobalSection(SolutionProperties) = preSolution
		HideSolutionNode = FALSE
	EndGlobalSection
	GlobalSection(ExtensibilityGlobals) = postSolution
		SolutionGuid = {6B07D53C-426E-4BB5-9B06-927A3DD27D41}
	EndGlobalSection
EndGlobal
