
Microsoft Visual Studio Solution File, Format Version 12.00
# Visual Studio Version 17
VisualStudioVersion = 17.14.36414.22 d17.14
MinimumVisualStudioVersion = 10.0.40219.1
Project("{FAE04EC0-301F-11D3-BF4B-00C04F79EFBC}") = "TotalPay", "TotalPay\TotalPay.csproj", "{121C967B-203F-49F5-BA4E-EB8CDC02FD7F}"
EndProject
Global
	GlobalSection(SolutionConfigurationPlatforms) = preSolution
		Debug|Any CPU = Debug|Any CPU
		Release|Any CPU = Release|Any CPU
	EndGlobalSection
	GlobalSection(ProjectConfigurationPlatforms) = postSolution
		{121C967B-203F-49F5-BA4E-EB8CDC02FD7F}.Debug|Any CPU.ActiveCfg = Debug|Any CPU
		{121C967B-203F-49F5-BA4E-EB8CDC02FD7F}.Debug|Any CPU.Build.0 = Debug|Any CPU
		{121C967B-203F-49F5-BA4E-EB8CDC02FD7F}.Release|Any CPU.ActiveCfg = Release|Any CPU
		{121C967B-203F-49F5-BA4E-EB8CDC02FD7F}.Release|Any CPU.Build.0 = Release|Any CPU
	EndGlobalSection
	GlobalSection(SolutionProperties) = preSolution
		HideSolutionNode = FALSE
	EndGlobalSection
	GlobalSection(ExtensibilityGlobals) = postSolution
		SolutionGuid = {1C5A4AC8-6EEF-4C7B-80A2-0A80C93DBC7B}
	EndGlobalSection
EndGlobal
